
Microsoft Visual Studio Solution File, Format Version 12.00
# Visual Studio Version 17
VisualStudioVersion = 17.11.35327.3
MinimumVisualStudioVersion = 10.0.40219.1
Project("{FAE04EC0-301F-11D3-BF4B-00C04F79EFBC}") = "ProductManagment", "ProductManagment.csproj", "{47433B29-0D4C-4BAB-A3A8-45EE7D7197AF}"
EndProject
Global
	GlobalSection(SolutionConfigurationPlatforms) = preSolution
		Debug|Any CPU = Debug|Any CPU
		Release|Any CPU = Release|Any CPU
	EndGlobalSection
	GlobalSection(ProjectConfigurationPlatforms) = postSolution
		{47433B29-0D4C-4BAB-A3A8-45EE7D7197AF}.Debug|Any CPU.ActiveCfg = Debug|Any CPU
		{47433B29-0D4C-4BAB-A3A8-45EE7D7197AF}.Debug|Any CPU.Build.0 = Debug|Any CPU
		{47433B29-0D4C-4BAB-A3A8-45EE7D7197AF}.Release|Any CPU.ActiveCfg = Release|Any CPU
		{47433B29-0D4C-4BAB-A3A8-45EE7D7197AF}.Release|Any CPU.Build.0 = Release|Any CPU
	EndGlobalSection
	GlobalSection(SolutionProperties) = preSolution
		HideSolutionNode = FALSE
	EndGlobalSection
	GlobalSection(ExtensibilityGlobals) = postSolution
		SolutionGuid = {2087F354-FD18-4876-9E69-D2131DBAEF19}
	EndGlobalSection
EndGlobal
